
Microsoft Visual Studio Solution File, Format Version 12.00
# Visual Studio Version 17
VisualStudioVersion = 17.2.32602.215
MinimumVisualStudioVersion = 10.0.40219.1
Project("{2150E333-8FDC-42A3-9474-1A3956D46DE8}") = "Services", "Services", "{BE2B10AD-FC9B-49B5-BABB-075617B82AEE}"
EndProject
Project("{2150E333-8FDC-42A3-9474-1A3956D46DE8}") = "Catalog", "Catalog", "{F2657E34-7586-475B-A69C-1E1B5CC5DBC9}"
EndProject
Project("{9A19103F-16F7-4668-BE54-9A1E7A4F7556}") = "Catalog.API", "Services\Catalog\Catalog.API\Catalog.API.csproj", "{4968778D-937F-4894-9461-0CE84A1523C5}"
EndProject
Project("{E53339B2-1760-4266-BCC7-CA923CBCF16C}") = "docker-compose", "docker-compose.dcproj", "{99C38D51-47DE-42F0-8D5A-A29EFFD811DB}"
EndProject
Global
	GlobalSection(SolutionConfigurationPlatforms) = preSolution
		Debug|Any CPU = Debug|Any CPU
		Release|Any CPU = Release|Any CPU
	EndGlobalSection
	GlobalSection(ProjectConfigurationPlatforms) = postSolution
		{4968778D-937F-4894-9461-0CE84A1523C5}.Debug|Any CPU.ActiveCfg = Debug|Any CPU
		{4968778D-937F-4894-9461-0CE84A1523C5}.Debug|Any CPU.Build.0 = Debug|Any CPU
		{4968778D-937F-4894-9461-0CE84A1523C5}.Release|Any CPU.ActiveCfg = Release|Any CPU
		{4968778D-937F-4894-9461-0CE84A1523C5}.Release|Any CPU.Build.0 = Release|Any CPU
		{99C38D51-47DE-42F0-8D5A-A29EFFD811DB}.Debug|Any CPU.ActiveCfg = Debug|Any CPU
		{99C38D51-47DE-42F0-8D5A-A29EFFD811DB}.Debug|Any CPU.Build.0 = Debug|Any CPU
		{99C38D51-47DE-42F0-8D5A-A29EFFD811DB}.Release|Any CPU.ActiveCfg = Release|Any CPU
		{99C38D51-47DE-42F0-8D5A-A29EFFD811DB}.Release|Any CPU.Build.0 = Release|Any CPU
	EndGlobalSection
	GlobalSection(SolutionProperties) = preSolution
		HideSolutionNode = FALSE
	EndGlobalSection
	GlobalSection(NestedProjects) = preSolution
		{F2657E34-7586-475B-A69C-1E1B5CC5DBC9} = {BE2B10AD-FC9B-49B5-BABB-075617B82AEE}
		{4968778D-937F-4894-9461-0CE84A1523C5} = {F2657E34-7586-475B-A69C-1E1B5CC5DBC9}
	EndGlobalSection
	GlobalSection(ExtensibilityGlobals) = postSolution
		SolutionGuid = {49BF6515-1E02-43DB-A804-A7E76E9A5A6D}
	EndGlobalSection
EndGlobal
